
Microsoft Visual Studio Solution File, Format Version 12.00
# Visual Studio Version 16
VisualStudioVersion = 16.0.29728.190
MinimumVisualStudioVersion = 10.0.40219.1
Project("{FAE04EC0-301F-11D3-BF4B-00C04F79EFBC}") = "SMS_MVC_App", "SMS_MVC_App\SMS_MVC_App.csproj", "{F0450CD2-B0E4-4A26-B8B4-197E7AE14A4E}"
EndProject
Global
	GlobalSection(SolutionConfigurationPlatforms) = preSolution
		Debug|Any CPU = Debug|Any CPU
		Release|Any CPU = Release|Any CPU
	EndGlobalSection
	GlobalSection(ProjectConfigurationPlatforms) = postSolution
		{F0450CD2-B0E4-4A26-B8B4-197E7AE14A4E}.Debug|Any CPU.ActiveCfg = Debug|Any CPU
		{F0450CD2-B0E4-4A26-B8B4-197E7AE14A4E}.Debug|Any CPU.Build.0 = Debug|Any CPU
		{F0450CD2-B0E4-4A26-B8B4-197E7AE14A4E}.Release|Any CPU.ActiveCfg = Release|Any CPU
		{F0450CD2-B0E4-4A26-B8B4-197E7AE14A4E}.Release|Any CPU.Build.0 = Release|Any CPU
	EndGlobalSection
	GlobalSection(SolutionProperties) = preSolution
		HideSolutionNode = FALSE
	EndGlobalSection
	GlobalSection(ExtensibilityGlobals) = postSolution
		SolutionGuid = {62966229-4697-463E-A821-950F2A2E4D90}
	EndGlobalSection
EndGlobal
